
Microsoft Visual Studio Solution File, Format Version 12.00
# Visual Studio Version 17
VisualStudioVersion = 17.3.32929.385
MinimumVisualStudioVersion = 10.0.40219.1
Project("{FAE04EC0-301F-11D3-BF4B-00C04F79EFBC}") = "Program №20 Forms", "Program №20 Forms\Program №20 Forms.csproj", "{60B38554-C215-4486-8442-2EAE7683BD88}"
EndProject
Global
	GlobalSection(SolutionConfigurationPlatforms) = preSolution
		Debug|Any CPU = Debug|Any CPU
		Release|Any CPU = Release|Any CPU
	EndGlobalSection
	GlobalSection(ProjectConfigurationPlatforms) = postSolution
		{60B38554-C215-4486-8442-2EAE7683BD88}.Debug|Any CPU.ActiveCfg = Debug|Any CPU
		{60B38554-C215-4486-8442-2EAE7683BD88}.Debug|Any CPU.Build.0 = Debug|Any CPU
		{60B38554-C215-4486-8442-2EAE7683BD88}.Release|Any CPU.ActiveCfg = Release|Any CPU
		{60B38554-C215-4486-8442-2EAE7683BD88}.Release|Any CPU.Build.0 = Release|Any CPU
	EndGlobalSection
	GlobalSection(SolutionProperties) = preSolution
		HideSolutionNode = FALSE
	EndGlobalSection
	GlobalSection(ExtensibilityGlobals) = postSolution
		SolutionGuid = {A08B4C43-DCDC-468A-AA54-CBBE26A61374}
	EndGlobalSection
EndGlobal
